
Microsoft Visual Studio Solution File, Format Version 12.00
# Visual Studio Version 17
VisualStudioVersion = 17.6.33801.468
MinimumVisualStudioVersion = 10.0.40219.1
Project("{FAE04EC0-301F-11D3-BF4B-00C04F79EFBC}") = "Matricula_Proyecto", "Matricula_Proyecto\Matricula_Proyecto.csproj", "{B6B3554E-8D62-4AB9-B93A-9EDFC02D8C1B}"
EndProject
Global
	GlobalSection(SolutionConfigurationPlatforms) = preSolution
		Debug|Any CPU = Debug|Any CPU
		Release|Any CPU = Release|Any CPU
	EndGlobalSection
	GlobalSection(ProjectConfigurationPlatforms) = postSolution
		{B6B3554E-8D62-4AB9-B93A-9EDFC02D8C1B}.Debug|Any CPU.ActiveCfg = Debug|Any CPU
		{B6B3554E-8D62-4AB9-B93A-9EDFC02D8C1B}.Debug|Any CPU.Build.0 = Debug|Any CPU
		{B6B3554E-8D62-4AB9-B93A-9EDFC02D8C1B}.Release|Any CPU.ActiveCfg = Release|Any CPU
		{B6B3554E-8D62-4AB9-B93A-9EDFC02D8C1B}.Release|Any CPU.Build.0 = Release|Any CPU
	EndGlobalSection
	GlobalSection(SolutionProperties) = preSolution
		HideSolutionNode = FALSE
	EndGlobalSection
	GlobalSection(ExtensibilityGlobals) = postSolution
		SolutionGuid = {CA3A4B19-300D-440D-94A8-9D9527FC9AF9}
	EndGlobalSection
EndGlobal
